
Microsoft Visual Studio Solution File, Format Version 12.00
# Visual Studio Version 17
VisualStudioVersion = 17.0.31903.59
MinimumVisualStudioVersion = 10.0.40219.1
Project("{6EC3EE1D-3C4E-46DD-8F32-0CC8E7565705}") = "DrizzleCarton-AspNetCore", "DrizzleCarton-AspNetCore.fsproj", "{C5C6571D-852F-4E45-8419-D224E0B9DADA}"
EndProject
Project("{6EC3EE1D-3C4E-46DD-8F32-0CC8E7565705}") = "Application", "Application\Application.fsproj", "{B0905CAF-6771-44CA-BB89-83E4C6FDFA68}"
EndProject
Project("{6EC3EE1D-3C4E-46DD-8F32-0CC8E7565705}") = "Model", "Model\Model.fsproj", "{EA418BE2-5468-4DA2-B58D-E1A34B4AF4A4}"
EndProject
Project("{6EC3EE1D-3C4E-46DD-8F32-0CC8E7565705}") = "RAMDataAccess", "DataAccess\RAMDataAccess.fsproj", "{924D0496-5A40-408C-B558-9802635BFCE3}"
EndProject
Project("{6EC3EE1D-3C4E-46DD-8F32-0CC8E7565705}") = "HTTPWebService", "Service\HTTPWebService.fsproj", "{03AB36B5-D767-4BE8-8BB1-F4FAE19FC543}"
	ProjectSection(ProjectDependencies) = postProject
		{B0905CAF-6771-44CA-BB89-83E4C6FDFA68} = {B0905CAF-6771-44CA-BB89-83E4C6FDFA68}
	EndProjectSection
EndProject
Project("{2150E333-8FDC-42A3-9474-1A3956D46DE8}") = "Application Core", "Application Core", "{A998E61F-056E-4B50-8498-E1510BF33F73}"
EndProject
Project("{2150E333-8FDC-42A3-9474-1A3956D46DE8}") = "Object Model", "Object Model", "{FA31049B-1E49-4BFE-82E9-43E2F5F271E2}"
EndProject
Project("{2150E333-8FDC-42A3-9474-1A3956D46DE8}") = "Application Services", "Application Services", "{8FEA5279-623D-46DD-A195-F674B7960381}"
EndProject
Project("{2150E333-8FDC-42A3-9474-1A3956D46DE8}") = "External Services", "External Services", "{B9D855F7-282D-4599-B98F-CFF8FD5E978C}"
EndProject
Project("{2150E333-8FDC-42A3-9474-1A3956D46DE8}") = "Data Access", "Data Access", "{1E2ABEDD-DA47-47E1-AD55-D13A446B50A0}"
EndProject
Project("{2150E333-8FDC-42A3-9474-1A3956D46DE8}") = "Start-up Configurations", "Start-up Configurations", "{A823D93C-CD05-4F65-8CB0-552CBBA3AA76}"
EndProject
Project("{2150E333-8FDC-42A3-9474-1A3956D46DE8}") = "Application Access", "Application Access", "{510ADE6C-FDCF-41F5-8C8C-CF35504B5E3F}"
EndProject
Global
	GlobalSection(SolutionConfigurationPlatforms) = preSolution
		Debug|Any CPU = Debug|Any CPU
		Debug|x64 = Debug|x64
		Debug|x86 = Debug|x86
		Release|Any CPU = Release|Any CPU
		Release|x64 = Release|x64
		Release|x86 = Release|x86
	EndGlobalSection
	GlobalSection(ProjectConfigurationPlatforms) = postSolution
		{C5C6571D-852F-4E45-8419-D224E0B9DADA}.Debug|Any CPU.ActiveCfg = Debug|Any CPU
		{C5C6571D-852F-4E45-8419-D224E0B9DADA}.Debug|Any CPU.Build.0 = Debug|Any CPU
		{C5C6571D-852F-4E45-8419-D224E0B9DADA}.Debug|x64.ActiveCfg = Debug|Any CPU
		{C5C6571D-852F-4E45-8419-D224E0B9DADA}.Debug|x64.Build.0 = Debug|Any CPU
		{C5C6571D-852F-4E45-8419-D224E0B9DADA}.Debug|x86.ActiveCfg = Debug|Any CPU
		{C5C6571D-852F-4E45-8419-D224E0B9DADA}.Debug|x86.Build.0 = Debug|Any CPU
		{C5C6571D-852F-4E45-8419-D224E0B9DADA}.Release|Any CPU.ActiveCfg = Release|Any CPU
		{C5C6571D-852F-4E45-8419-D224E0B9DADA}.Release|Any CPU.Build.0 = Release|Any CPU
		{C5C6571D-852F-4E45-8419-D224E0B9DADA}.Release|x64.ActiveCfg = Release|Any CPU
		{C5C6571D-852F-4E45-8419-D224E0B9DADA}.Release|x64.Build.0 = Release|Any CPU
		{C5C6571D-852F-4E45-8419-D224E0B9DADA}.Release|x86.ActiveCfg = Release|Any CPU
		{C5C6571D-852F-4E45-8419-D224E0B9DADA}.Release|x86.Build.0 = Release|Any CPU
		{B0905CAF-6771-44CA-BB89-83E4C6FDFA68}.Debug|Any CPU.ActiveCfg = Debug|Any CPU
		{B0905CAF-6771-44CA-BB89-83E4C6FDFA68}.Debug|Any CPU.Build.0 = Debug|Any CPU
		{B0905CAF-6771-44CA-BB89-83E4C6FDFA68}.Debug|x64.ActiveCfg = Debug|Any CPU
		{B0905CAF-6771-44CA-BB89-83E4C6FDFA68}.Debug|x64.Build.0 = Debug|Any CPU
		{B0905CAF-6771-44CA-BB89-83E4C6FDFA68}.Debug|x86.ActiveCfg = Debug|Any CPU
		{B0905CAF-6771-44CA-BB89-83E4C6FDFA68}.Debug|x86.Build.0 = Debug|Any CPU
		{B0905CAF-6771-44CA-BB89-83E4C6FDFA68}.Release|Any CPU.ActiveCfg = Release|Any CPU
		{B0905CAF-6771-44CA-BB89-83E4C6FDFA68}.Release|Any CPU.Build.0 = Release|Any CPU
		{B0905CAF-6771-44CA-BB89-83E4C6FDFA68}.Release|x64.ActiveCfg = Release|Any CPU
		{B0905CAF-6771-44CA-BB89-83E4C6FDFA68}.Release|x64.Build.0 = Release|Any CPU
		{B0905CAF-6771-44CA-BB89-83E4C6FDFA68}.Release|x86.ActiveCfg = Release|Any CPU
		{B0905CAF-6771-44CA-BB89-83E4C6FDFA68}.Release|x86.Build.0 = Release|Any CPU
		{EA418BE2-5468-4DA2-B58D-E1A34B4AF4A4}.Debug|Any CPU.ActiveCfg = Debug|Any CPU
		{EA418BE2-5468-4DA2-B58D-E1A34B4AF4A4}.Debug|Any CPU.Build.0 = Debug|Any CPU
		{EA418BE2-5468-4DA2-B58D-E1A34B4AF4A4}.Debug|x64.ActiveCfg = Debug|Any CPU
		{EA418BE2-5468-4DA2-B58D-E1A34B4AF4A4}.Debug|x64.Build.0 = Debug|Any CPU
		{EA418BE2-5468-4DA2-B58D-E1A34B4AF4A4}.Debug|x86.ActiveCfg = Debug|Any CPU
		{EA418BE2-5468-4DA2-B58D-E1A34B4AF4A4}.Debug|x86.Build.0 = Debug|Any CPU
		{EA418BE2-5468-4DA2-B58D-E1A34B4AF4A4}.Release|Any CPU.ActiveCfg = Release|Any CPU
		{EA418BE2-5468-4DA2-B58D-E1A34B4AF4A4}.Release|Any CPU.Build.0 = Release|Any CPU
		{EA418BE2-5468-4DA2-B58D-E1A34B4AF4A4}.Release|x64.ActiveCfg = Release|Any CPU
		{EA418BE2-5468-4DA2-B58D-E1A34B4AF4A4}.Release|x64.Build.0 = Release|Any CPU
		{EA418BE2-5468-4DA2-B58D-E1A34B4AF4A4}.Release|x86.ActiveCfg = Release|Any CPU
		{EA418BE2-5468-4DA2-B58D-E1A34B4AF4A4}.Release|x86.Build.0 = Release|Any CPU
		{924D0496-5A40-408C-B558-9802635BFCE3}.Debug|Any CPU.ActiveCfg = Debug|Any CPU
		{924D0496-5A40-408C-B558-9802635BFCE3}.Debug|Any CPU.Build.0 = Debug|Any CPU
		{924D0496-5A40-408C-B558-9802635BFCE3}.Debug|x64.ActiveCfg = Debug|Any CPU
		{924D0496-5A40-408C-B558-9802635BFCE3}.Debug|x64.Build.0 = Debug|Any CPU
		{924D0496-5A40-408C-B558-9802635BFCE3}.Debug|x86.ActiveCfg = Debug|Any CPU
		{924D0496-5A40-408C-B558-9802635BFCE3}.Debug|x86.Build.0 = Debug|Any CPU
		{924D0496-5A40-408C-B558-9802635BFCE3}.Release|Any CPU.ActiveCfg = Release|Any CPU
		{924D0496-5A40-408C-B558-9802635BFCE3}.Release|Any CPU.Build.0 = Release|Any CPU
		{924D0496-5A40-408C-B558-9802635BFCE3}.Release|x64.ActiveCfg = Release|Any CPU
		{924D0496-5A40-408C-B558-9802635BFCE3}.Release|x64.Build.0 = Release|Any CPU
		{924D0496-5A40-408C-B558-9802635BFCE3}.Release|x86.ActiveCfg = Release|Any CPU
		{924D0496-5A40-408C-B558-9802635BFCE3}.Release|x86.Build.0 = Release|Any CPU
		{03AB36B5-D767-4BE8-8BB1-F4FAE19FC543}.Debug|Any CPU.ActiveCfg = Debug|Any CPU
		{03AB36B5-D767-4BE8-8BB1-F4FAE19FC543}.Debug|Any CPU.Build.0 = Debug|Any CPU
		{03AB36B5-D767-4BE8-8BB1-F4FAE19FC543}.Debug|x64.ActiveCfg = Debug|Any CPU
		{03AB36B5-D767-4BE8-8BB1-F4FAE19FC543}.Debug|x64.Build.0 = Debug|Any CPU
		{03AB36B5-D767-4BE8-8BB1-F4FAE19FC543}.Debug|x86.ActiveCfg = Debug|Any CPU
		{03AB36B5-D767-4BE8-8BB1-F4FAE19FC543}.Debug|x86.Build.0 = Debug|Any CPU
		{03AB36B5-D767-4BE8-8BB1-F4FAE19FC543}.Release|Any CPU.ActiveCfg = Release|Any CPU
		{03AB36B5-D767-4BE8-8BB1-F4FAE19FC543}.Release|Any CPU.Build.0 = Release|Any CPU
		{03AB36B5-D767-4BE8-8BB1-F4FAE19FC543}.Release|x64.ActiveCfg = Release|Any CPU
		{03AB36B5-D767-4BE8-8BB1-F4FAE19FC543}.Release|x64.Build.0 = Release|Any CPU
		{03AB36B5-D767-4BE8-8BB1-F4FAE19FC543}.Release|x86.ActiveCfg = Release|Any CPU
		{03AB36B5-D767-4BE8-8BB1-F4FAE19FC543}.Release|x86.Build.0 = Release|Any CPU
	EndGlobalSection
	GlobalSection(SolutionProperties) = preSolution
		HideSolutionNode = FALSE
	EndGlobalSection
	GlobalSection(NestedProjects) = preSolution
		{C5C6571D-852F-4E45-8419-D224E0B9DADA} = {A823D93C-CD05-4F65-8CB0-552CBBA3AA76}
		{B0905CAF-6771-44CA-BB89-83E4C6FDFA68} = {8FEA5279-623D-46DD-A195-F674B7960381}
		{EA418BE2-5468-4DA2-B58D-E1A34B4AF4A4} = {FA31049B-1E49-4BFE-82E9-43E2F5F271E2}
		{924D0496-5A40-408C-B558-9802635BFCE3} = {1E2ABEDD-DA47-47E1-AD55-D13A446B50A0}
		{03AB36B5-D767-4BE8-8BB1-F4FAE19FC543} = {510ADE6C-FDCF-41F5-8C8C-CF35504B5E3F}
		{FA31049B-1E49-4BFE-82E9-43E2F5F271E2} = {A998E61F-056E-4B50-8498-E1510BF33F73}
		{8FEA5279-623D-46DD-A195-F674B7960381} = {A998E61F-056E-4B50-8498-E1510BF33F73}
		{1E2ABEDD-DA47-47E1-AD55-D13A446B50A0} = {B9D855F7-282D-4599-B98F-CFF8FD5E978C}
		{510ADE6C-FDCF-41F5-8C8C-CF35504B5E3F} = {B9D855F7-282D-4599-B98F-CFF8FD5E978C}
	EndGlobalSection
	GlobalSection(ExtensibilityGlobals) = postSolution
		SolutionGuid = {74F4544F-7AC4-41B3-B69E-37BA21FDFB0B}
	EndGlobalSection
EndGlobal
