
Microsoft Visual Studio Solution File, Format Version 12.00
# Visual Studio Version 17
VisualStudioVersion = 17.0.31903.59
MinimumVisualStudioVersion = 10.0.40219.1
Project("{F2A71F9B-5D33-465A-A702-920D77279786}") = "DrizzleCarton", "DrizzleCarton.fsproj", "{C5C6571D-852F-4E45-8419-D224E0B9DADA}"
EndProject
Global
	GlobalSection(SolutionConfigurationPlatforms) = preSolution
		Debug|Any CPU = Debug|Any CPU
		Debug|x64 = Debug|x64
		Debug|x86 = Debug|x86
		Release|Any CPU = Release|Any CPU
		Release|x64 = Release|x64
		Release|x86 = Release|x86
	EndGlobalSection
	GlobalSection(ProjectConfigurationPlatforms) = postSolution
		{C5C6571D-852F-4E45-8419-D224E0B9DADA}.Debug|Any CPU.ActiveCfg = Debug|Any CPU
		{C5C6571D-852F-4E45-8419-D224E0B9DADA}.Debug|Any CPU.Build.0 = Debug|Any CPU
		{C5C6571D-852F-4E45-8419-D224E0B9DADA}.Debug|x64.ActiveCfg = Debug|Any CPU
		{C5C6571D-852F-4E45-8419-D224E0B9DADA}.Debug|x64.Build.0 = Debug|Any CPU
		{C5C6571D-852F-4E45-8419-D224E0B9DADA}.Debug|x86.ActiveCfg = Debug|Any CPU
		{C5C6571D-852F-4E45-8419-D224E0B9DADA}.Debug|x86.Build.0 = Debug|Any CPU
		{C5C6571D-852F-4E45-8419-D224E0B9DADA}.Release|Any CPU.ActiveCfg = Release|Any CPU
		{C5C6571D-852F-4E45-8419-D224E0B9DADA}.Release|Any CPU.Build.0 = Release|Any CPU
		{C5C6571D-852F-4E45-8419-D224E0B9DADA}.Release|x64.ActiveCfg = Release|Any CPU
		{C5C6571D-852F-4E45-8419-D224E0B9DADA}.Release|x64.Build.0 = Release|Any CPU
		{C5C6571D-852F-4E45-8419-D224E0B9DADA}.Release|x86.ActiveCfg = Release|Any CPU
		{C5C6571D-852F-4E45-8419-D224E0B9DADA}.Release|x86.Build.0 = Release|Any CPU
	EndGlobalSection
	GlobalSection(SolutionProperties) = preSolution
		HideSolutionNode = FALSE
	EndGlobalSection
EndGlobal
